
Microsoft Visual Studio Solution File, Format Version 12.00
# Visual Studio Version 17
VisualStudioVersion = 17.13.35825.156 d17.13
MinimumVisualStudioVersion = 10.0.40219.1
Project("{FAE04EC0-301F-11D3-BF4B-00C04F79EFBC}") = "StunMaster", "StunMaster.csproj", "{F01035D0-7163-83CB-6B1F-3DAF86D6EBB9}"
EndProject
Global
	GlobalSection(SolutionConfigurationPlatforms) = preSolution
		Debug|Any CPU = Debug|Any CPU
		Release|Any CPU = Release|Any CPU
	EndGlobalSection
	GlobalSection(ProjectConfigurationPlatforms) = postSolution
		{F01035D0-7163-83CB-6B1F-3DAF86D6EBB9}.Debug|Any CPU.ActiveCfg = Debug|Any CPU
		{F01035D0-7163-83CB-6B1F-3DAF86D6EBB9}.Debug|Any CPU.Build.0 = Debug|Any CPU
		{F01035D0-7163-83CB-6B1F-3DAF86D6EBB9}.Release|Any CPU.ActiveCfg = Release|Any CPU
		{F01035D0-7163-83CB-6B1F-3DAF86D6EBB9}.Release|Any CPU.Build.0 = Release|Any CPU
	EndGlobalSection
	GlobalSection(SolutionProperties) = preSolution
		HideSolutionNode = FALSE
	EndGlobalSection
	GlobalSection(ExtensibilityGlobals) = postSolution
		SolutionGuid = {42D04E42-5F47-403F-9FD6-72F959F43A07}
	EndGlobalSection
EndGlobal
